
Microsoft Visual Studio Solution File, Format Version 12.00
# Visual Studio 15
VisualStudioVersion = 15.0.28307.329
MinimumVisualStudioVersion = 10.0.40219.1
Project("{9A19103F-16F7-4668-BE54-9A1E7A4F7556}") = "AspireBudgetApi", "AspireBudgetApi\AspireBudgetApi.csproj", "{6AF6B0D3-6C78-4F44-AB3A-8C6CB19D562D}"
EndProject
Project("{2150E333-8FDC-42A3-9474-1A3956D46DE8}") = "Solution Items", "Solution Items", "{D5B5F354-1B91-4D1C-BF30-60BFB2268ACE}"
	ProjectSection(SolutionItems) = preProject
		README.MD = README.MD
	EndProjectSection
EndProject
Project("{FAE04EC0-301F-11D3-BF4B-00C04F79EFBC}") = "TestConsoleApp", "TestConsoleApp\TestConsoleApp.csproj", "{ACDC34CD-661B-44D5-AED1-FC40BD3C3C05}"
EndProject
Project("{FAE04EC0-301F-11D3-BF4B-00C04F79EFBC}") = "AspireBudgetApi.UnitTests", "AspireBudgetApi.UnitTests\AspireBudgetApi.UnitTests.csproj", "{DF2D6E42-2750-4E0C-94CE-725E34EB025D}"
EndProject
Global
	GlobalSection(SolutionConfigurationPlatforms) = preSolution
		Debug|Any CPU = Debug|Any CPU
		Release|Any CPU = Release|Any CPU
	EndGlobalSection
	GlobalSection(ProjectConfigurationPlatforms) = postSolution
		{6AF6B0D3-6C78-4F44-AB3A-8C6CB19D562D}.Debug|Any CPU.ActiveCfg = Debug|Any CPU
		{6AF6B0D3-6C78-4F44-AB3A-8C6CB19D562D}.Debug|Any CPU.Build.0 = Debug|Any CPU
		{6AF6B0D3-6C78-4F44-AB3A-8C6CB19D562D}.Release|Any CPU.ActiveCfg = Release|Any CPU
		{6AF6B0D3-6C78-4F44-AB3A-8C6CB19D562D}.Release|Any CPU.Build.0 = Release|Any CPU
		{ACDC34CD-661B-44D5-AED1-FC40BD3C3C05}.Debug|Any CPU.ActiveCfg = Debug|Any CPU
		{ACDC34CD-661B-44D5-AED1-FC40BD3C3C05}.Debug|Any CPU.Build.0 = Debug|Any CPU
		{ACDC34CD-661B-44D5-AED1-FC40BD3C3C05}.Release|Any CPU.ActiveCfg = Release|Any CPU
		{ACDC34CD-661B-44D5-AED1-FC40BD3C3C05}.Release|Any CPU.Build.0 = Release|Any CPU
		{DF2D6E42-2750-4E0C-94CE-725E34EB025D}.Debug|Any CPU.ActiveCfg = Debug|Any CPU
		{DF2D6E42-2750-4E0C-94CE-725E34EB025D}.Debug|Any CPU.Build.0 = Debug|Any CPU
		{DF2D6E42-2750-4E0C-94CE-725E34EB025D}.Release|Any CPU.ActiveCfg = Release|Any CPU
		{DF2D6E42-2750-4E0C-94CE-725E34EB025D}.Release|Any CPU.Build.0 = Release|Any CPU
	EndGlobalSection
	GlobalSection(SolutionProperties) = preSolution
		HideSolutionNode = FALSE
	EndGlobalSection
	GlobalSection(ExtensibilityGlobals) = postSolution
		SolutionGuid = {A90285F3-F363-4EB2-A179-5ACD240D1831}
	EndGlobalSection
EndGlobal
